
Microsoft Visual Studio Solution File, Format Version 12.00
Project("{FAE04EC0-301F-11D3-BF4B-00C04F79EFBC}") = "ConsoleThread", "ConsoleThread\ConsoleThread.csproj", "{13B1E62A-C2CD-4425-A026-C73CE4CE4625}"
EndProject
Global
	GlobalSection(SolutionConfigurationPlatforms) = preSolution
		Debug|Any CPU = Debug|Any CPU
		Release|Any CPU = Release|Any CPU
	EndGlobalSection
	GlobalSection(ProjectConfigurationPlatforms) = postSolution
		{13B1E62A-C2CD-4425-A026-C73CE4CE4625}.Debug|Any CPU.ActiveCfg = Debug|Any CPU
		{13B1E62A-C2CD-4425-A026-C73CE4CE4625}.Debug|Any CPU.Build.0 = Debug|Any CPU
		{13B1E62A-C2CD-4425-A026-C73CE4CE4625}.Release|Any CPU.ActiveCfg = Release|Any CPU
		{13B1E62A-C2CD-4425-A026-C73CE4CE4625}.Release|Any CPU.Build.0 = Release|Any CPU
	EndGlobalSection
EndGlobal
